// !$*UTF8*$!
{
	archiveVersion = 1;
	classes = {
	};
	objectVersion = 50;
	objects = {

/* Begin PBXBuildFile section */
		5E21FD9523502AB5005131BC /* WebPageViewController.swift in Sources */ = {isa = PBXBuildFile; fileRef = 5E21FD9423502AB5005131BC /* WebPageViewController.swift */; };
		5E21FD982350302D005131BC /* WebPageViewControllerExtensions.swift in Sources */ = {isa = PBXBuildFile; fileRef = 5E21FD972350302D005131BC /* WebPageViewControllerExtensions.swift */; };
		5E9A4FEA234FF0CA00E07BAF /* AppDelegate.swift in Sources */ = {isa = PBXBuildFile; fileRef = 5E9A4FE9234FF0CA00E07BAF /* AppDelegate.swift */; };
		5E9A4FEC234FF0CA00E07BAF /* RootViewController.swift in Sources */ = {isa = PBXBuildFile; fileRef = 5E9A4FEB234FF0CA00E07BAF /* RootViewController.swift */; };
		5E9A4FEF234FF0CA00E07BAF /* Main.storyboard in Resources */ = {isa = PBXBuildFile; fileRef = 5E9A4FED234FF0CA00E07BAF /* Main.storyboard */; };
		5E9A4FF4234FF0CC00E07BAF /* LaunchScreen.storyboard in Resources */ = {isa = PBXBuildFile; fileRef = 5E9A4FF2234FF0CC00E07BAF /* LaunchScreen.storyboard */; };
		5E9A4FFF234FF0CC00E07BAF /* ApplicasteriOSTests.swift in Sources */ = {isa = PBXBuildFile; fileRef = 5E9A4FFE234FF0CC00E07BAF /* ApplicasteriOSTests.swift */; };
		5E9A5011234FF27000E07BAF /* HTTPLayer.swift in Sources */ = {isa = PBXBuildFile; fileRef = 5E9A5010234FF27000E07BAF /* HTTPLayer.swift */; };
		5E9A5013234FF2BB00E07BAF /* APIClient.swift in Sources */ = {isa = PBXBuildFile; fileRef = 5E9A5012234FF2BB00E07BAF /* APIClient.swift */; };
		5E9A5016234FF30500E07BAF /* Int-Extensions.swift in Sources */ = {isa = PBXBuildFile; fileRef = 5E9A5015234FF30500E07BAF /* Int-Extensions.swift */; };
		5E9A5018234FF74700E07BAF /* Post.swift in Sources */ = {isa = PBXBuildFile; fileRef = 5E9A5017234FF74700E07BAF /* Post.swift */; };
		5E9A501A234FFEE500E07BAF /* RootViewModel.swift in Sources */ = {isa = PBXBuildFile; fileRef = 5E9A5019234FFEE500E07BAF /* RootViewModel.swift */; };
		5E9A501D235001A100E07BAF /* PostsTableViewControllerExtension.swift in Sources */ = {isa = PBXBuildFile; fileRef = 5E9A501C235001A100E07BAF /* PostsTableViewControllerExtension.swift */; };
		5E9A501F2350035500E07BAF /* VideoTableViewCell.swift in Sources */ = {isa = PBXBuildFile; fileRef = 5E9A501E2350035500E07BAF /* VideoTableViewCell.swift */; };
		5E9A50212350035F00E07BAF /* LinkTableViewCell.swift in Sources */ = {isa = PBXBuildFile; fileRef = 5E9A50202350035F00E07BAF /* LinkTableViewCell.swift */; };
		5E9A5023235014BC00E07BAF /* Fonts in Resources */ = {isa = PBXBuildFile; fileRef = 5E9A5022235014BC00E07BAF /* Fonts */; };
		5EB0A98823597827008B1674 /* UISearchResultsUpdatingExtension.swift in Sources */ = {isa = PBXBuildFile; fileRef = 5EB0A98723597827008B1674 /* UISearchResultsUpdatingExtension.swift */; };
		5EB0A98A23598CDF008B1674 /* String-Extensions.swift in Sources */ = {isa = PBXBuildFile; fileRef = 5EB0A98923598CDF008B1674 /* String-Extensions.swift */; };
		5EB0A98C2359900C008B1674 /* Assets.xcassets in Resources */ = {isa = PBXBuildFile; fileRef = 5EB0A98B2359900C008B1674 /* Assets.xcassets */; };
		5EB0A98E23599B21008B1674 /* UIScrollViewDelegateExtension.swift in Sources */ = {isa = PBXBuildFile; fileRef = 5EB0A98D23599B21008B1674 /* UIScrollViewDelegateExtension.swift */; };
		5ED729AC2350385F00D5CB05 /* WebKit.framework in Frameworks */ = {isa = PBXBuildFile; fileRef = 5ED729AB2350385F00D5CB05 /* WebKit.framework */; };
		5EE7C12D235963AF00B66FB0 /* MediaItem.swift in Sources */ = {isa = PBXBuildFile; fileRef = 5EE7C12C235963AF00B66FB0 /* MediaItem.swift */; };
/* End PBXBuildFile section */

/* Begin PBXContainerItemProxy section */
		5E9A4FFB234FF0CC00E07BAF /* PBXContainerItemProxy */ = {
			isa = PBXContainerItemProxy;
			containerPortal = 5E9A4FDE234FF0CA00E07BAF /* Project object */;
			proxyType = 1;
			remoteGlobalIDString = 5E9A4FE5234FF0CA00E07BAF;
			remoteInfo = ApplicasteriOS;
		};
/* End PBXContainerItemProxy section */

/* Begin PBXFileReference section */
		5E21FD9423502AB5005131BC /* WebPageViewController.swift */ = {isa = PBXFileReference; lastKnownFileType = sourcecode.swift; path = WebPageViewController.swift; sourceTree = "<group>"; };
		5E21FD972350302D005131BC /* WebPageViewControllerExtensions.swift */ = {isa = PBXFileReference; lastKnownFileType = sourcecode.swift; path = WebPageViewControllerExtensions.swift; sourceTree = "<group>"; };
		5E9A4FE6234FF0CA00E07BAF /* ApplicasteriOS.app */ = {isa = PBXFileReference; explicitFileType = wrapper.application; includeInIndex = 0; path = ApplicasteriOS.app; sourceTree = BUILT_PRODUCTS_DIR; };
		5E9A4FE9234FF0CA00E07BAF /* AppDelegate.swift */ = {isa = PBXFileReference; lastKnownFileType = sourcecode.swift; path = AppDelegate.swift; sourceTree = "<group>"; };
		5E9A4FEB234FF0CA00E07BAF /* RootViewController.swift */ = {isa = PBXFileReference; lastKnownFileType = sourcecode.swift; path = RootViewController.swift; sourceTree = "<group>"; };
		5E9A4FEE234FF0CA00E07BAF /* Base */ = {isa = PBXFileReference; lastKnownFileType = file.storyboard; name = Base; path = Base.lproj/Main.storyboard; sourceTree = "<group>"; };
		5E9A4FF3234FF0CC00E07BAF /* Base */ = {isa = PBXFileReference; lastKnownFileType = file.storyboard; name = Base; path = Base.lproj/LaunchScreen.storyboard; sourceTree = "<group>"; };
		5E9A4FF5234FF0CC00E07BAF /* Info.plist */ = {isa = PBXFileReference; lastKnownFileType = text.plist.xml; path = Info.plist; sourceTree = "<group>"; };
		5E9A4FFA234FF0CC00E07BAF /* ApplicasteriOSTests.xctest */ = {isa = PBXFileReference; explicitFileType = wrapper.cfbundle; includeInIndex = 0; path = ApplicasteriOSTests.xctest; sourceTree = BUILT_PRODUCTS_DIR; };
		5E9A4FFE234FF0CC00E07BAF /* ApplicasteriOSTests.swift */ = {isa = PBXFileReference; lastKnownFileType = sourcecode.swift; path = ApplicasteriOSTests.swift; sourceTree = "<group>"; };
		5E9A5000234FF0CC00E07BAF /* Info.plist */ = {isa = PBXFileReference; lastKnownFileType = text.plist.xml; path = Info.plist; sourceTree = "<group>"; };
		5E9A5010234FF27000E07BAF /* HTTPLayer.swift */ = {isa = PBXFileReference; lastKnownFileType = sourcecode.swift; path = HTTPLayer.swift; sourceTree = "<group>"; };
		5E9A5012234FF2BB00E07BAF /* APIClient.swift */ = {isa = PBXFileReference; lastKnownFileType = sourcecode.swift; path = APIClient.swift; sourceTree = "<group>"; };
		5E9A5015234FF30500E07BAF /* Int-Extensions.swift */ = {isa = PBXFileReference; lastKnownFileType = sourcecode.swift; path = "Int-Extensions.swift"; sourceTree = "<group>"; };
		5E9A5017234FF74700E07BAF /* Post.swift */ = {isa = PBXFileReference; lastKnownFileType = sourcecode.swift; path = Post.swift; sourceTree = "<group>"; };
		5E9A5019234FFEE500E07BAF /* RootViewModel.swift */ = {isa = PBXFileReference; lastKnownFileType = sourcecode.swift; path = RootViewModel.swift; sourceTree = "<group>"; };
		5E9A501C235001A100E07BAF /* PostsTableViewControllerExtension.swift */ = {isa = PBXFileReference; lastKnownFileType = sourcecode.swift; path = PostsTableViewControllerExtension.swift; sourceTree = "<group>"; };
		5E9A501E2350035500E07BAF /* VideoTableViewCell.swift */ = {isa = PBXFileReference; lastKnownFileType = sourcecode.swift; path = VideoTableViewCell.swift; sourceTree = "<group>"; };
		5E9A50202350035F00E07BAF /* LinkTableViewCell.swift */ = {isa = PBXFileReference; lastKnownFileType = sourcecode.swift; path = LinkTableViewCell.swift; sourceTree = "<group>"; };
		5E9A5022235014BC00E07BAF /* Fonts */ = {isa = PBXFileReference; lastKnownFileType = folder; path = Fonts; sourceTree = "<group>"; };
		5EB0A98723597827008B1674 /* UISearchResultsUpdatingExtension.swift */ = {isa = PBXFileReference; lastKnownFileType = sourcecode.swift; path = UISearchResultsUpdatingExtension.swift; sourceTree = "<group>"; };
		5EB0A98923598CDF008B1674 /* String-Extensions.swift */ = {isa = PBXFileReference; lastKnownFileType = sourcecode.swift; path = "String-Extensions.swift"; sourceTree = "<group>"; };
		5EB0A98B2359900C008B1674 /* Assets.xcassets */ = {isa = PBXFileReference; lastKnownFileType = folder.assetcatalog; path = Assets.xcassets; sourceTree = "<group>"; };
		5EB0A98D23599B21008B1674 /* UIScrollViewDelegateExtension.swift */ = {isa = PBXFileReference; lastKnownFileType = sourcecode.swift; path = UIScrollViewDelegateExtension.swift; sourceTree = "<group>"; };
		5ED729AB2350385F00D5CB05 /* WebKit.framework */ = {isa = PBXFileReference; lastKnownFileType = wrapper.framework; name = WebKit.framework; path = System/Library/Frameworks/WebKit.framework; sourceTree = SDKROOT; };
		5EE7C12C235963AF00B66FB0 /* MediaItem.swift */ = {isa = PBXFileReference; lastKnownFileType = sourcecode.swift; path = MediaItem.swift; sourceTree = "<group>"; };
/* End PBXFileReference section */

/* Begin PBXFrameworksBuildPhase section */
		5E9A4FE3234FF0CA00E07BAF /* Frameworks */ = {
			isa = PBXFrameworksBuildPhase;
			buildActionMask = 2147483647;
			files = (
				5ED729AC2350385F00D5CB05 /* WebKit.framework in Frameworks */,
			);
			runOnlyForDeploymentPostprocessing = 0;
		};
		5E9A4FF7234FF0CC00E07BAF /* Frameworks */ = {
			isa = PBXFrameworksBuildPhase;
			buildActionMask = 2147483647;
			files = (
			);
			runOnlyForDeploymentPostprocessing = 0;
		};
/* End PBXFrameworksBuildPhase section */

/* Begin PBXGroup section */
		5E21FD9623502C2E005131BC /* TableViewCells */ = {
			isa = PBXGroup;
			children = (
				5E9A501E2350035500E07BAF /* VideoTableViewCell.swift */,
				5E9A50202350035F00E07BAF /* LinkTableViewCell.swift */,
			);
			path = TableViewCells;
			sourceTree = "<group>";
		};
		5E9A4FDD234FF0CA00E07BAF = {
			isa = PBXGroup;
			children = (
				5E9A4FE8234FF0CA00E07BAF /* ApplicasteriOS */,
				5E9A4FFD234FF0CC00E07BAF /* ApplicasteriOSTests */,
				5E9A4FE7234FF0CA00E07BAF /* Products */,
				5ED729AA2350385F00D5CB05 /* Frameworks */,
			);
			sourceTree = "<group>";
		};
		5E9A4FE7234FF0CA00E07BAF /* Products */ = {
			isa = PBXGroup;
			children = (
				5E9A4FE6234FF0CA00E07BAF /* ApplicasteriOS.app */,
				5E9A4FFA234FF0CC00E07BAF /* ApplicasteriOSTests.xctest */,
			);
			name = Products;
			sourceTree = "<group>";
		};
		5E9A4FE8234FF0CA00E07BAF /* ApplicasteriOS */ = {
			isa = PBXGroup;
			children = (
				5E9A5022235014BC00E07BAF /* Fonts */,
				5E9A5014234FF2F800E07BAF /* Extensions */,
				5E9A500F234FF1A400E07BAF /* Resources */,
				5E9A500E234FF18500E07BAF /* Storyboards */,
				5E9A500D234FF17900E07BAF /* Networking */,
				5E9A500C234FF17100E07BAF /* SupportingFiles */,
				5E9A500B234FF16500E07BAF /* ViewModels */,
				5E9A500A234FF15300E07BAF /* Models */,
				5E9A5009234FF14D00E07BAF /* Views */,
			);
			path = ApplicasteriOS;
			sourceTree = "<group>";
		};
		5E9A4FFD234FF0CC00E07BAF /* ApplicasteriOSTests */ = {
			isa = PBXGroup;
			children = (
				5E9A4FFE234FF0CC00E07BAF /* ApplicasteriOSTests.swift */,
				5E9A5000234FF0CC00E07BAF /* Info.plist */,
			);
			path = ApplicasteriOSTests;
			sourceTree = "<group>";
		};
		5E9A5009234FF14D00E07BAF /* Views */ = {
			isa = PBXGroup;
			children = (
				5E21FD9623502C2E005131BC /* TableViewCells */,
				5E9A501B2350016E00E07BAF /* VCExtensions */,
				5E9A4FEB234FF0CA00E07BAF /* RootViewController.swift */,
				5E21FD9423502AB5005131BC /* WebPageViewController.swift */,
			);
			path = Views;
			sourceTree = "<group>";
		};
		5E9A500A234FF15300E07BAF /* Models */ = {
			isa = PBXGroup;
			children = (
				5E9A5017234FF74700E07BAF /* Post.swift */,
				5EE7C12C235963AF00B66FB0 /* MediaItem.swift */,
			);
			path = Models;
			sourceTree = "<group>";
		};
		5E9A500B234FF16500E07BAF /* ViewModels */ = {
			isa = PBXGroup;
			children = (
				5E9A5019234FFEE500E07BAF /* RootViewModel.swift */,
			);
			path = ViewModels;
			sourceTree = "<group>";
		};
		5E9A500C234FF17100E07BAF /* SupportingFiles */ = {
			isa = PBXGroup;
			children = (
				5E9A4FE9234FF0CA00E07BAF /* AppDelegate.swift */,
				5E9A4FF5234FF0CC00E07BAF /* Info.plist */,
			);
			path = SupportingFiles;
			sourceTree = "<group>";
		};
		5E9A500D234FF17900E07BAF /* Networking */ = {
			isa = PBXGroup;
			children = (
				5E9A5010234FF27000E07BAF /* HTTPLayer.swift */,
				5E9A5012234FF2BB00E07BAF /* APIClient.swift */,
			);
			path = Networking;
			sourceTree = "<group>";
		};
		5E9A500E234FF18500E07BAF /* Storyboards */ = {
			isa = PBXGroup;
			children = (
				5E9A4FED234FF0CA00E07BAF /* Main.storyboard */,
				5E9A4FF2234FF0CC00E07BAF /* LaunchScreen.storyboard */,
			);
			path = Storyboards;
			sourceTree = "<group>";
		};
		5E9A500F234FF1A400E07BAF /* Resources */ = {
			isa = PBXGroup;
			children = (
				5EB0A98B2359900C008B1674 /* Assets.xcassets */,
			);
			path = Resources;
			sourceTree = "<group>";
		};
		5E9A5014234FF2F800E07BAF /* Extensions */ = {
			isa = PBXGroup;
			children = (
				5E9A5015234FF30500E07BAF /* Int-Extensions.swift */,
				5EB0A98923598CDF008B1674 /* String-Extensions.swift */,
			);
			path = Extensions;
			sourceTree = "<group>";
		};
		5E9A501B2350016E00E07BAF /* VCExtensions */ = {
			isa = PBXGroup;
			children = (
				5E9A501C235001A100E07BAF /* PostsTableViewControllerExtension.swift */,
				5E21FD972350302D005131BC /* WebPageViewControllerExtensions.swift */,
				5EB0A98723597827008B1674 /* UISearchResultsUpdatingExtension.swift */,
				5EB0A98D23599B21008B1674 /* UIScrollViewDelegateExtension.swift */,
			);
			path = VCExtensions;
			sourceTree = "<group>";
		};
		5ED729AA2350385F00D5CB05 /* Frameworks */ = {
			isa = PBXGroup;
			children = (
				5ED729AB2350385F00D5CB05 /* WebKit.framework */,
			);
			name = Frameworks;
			sourceTree = "<group>";
		};
/* End PBXGroup section */

/* Begin PBXNativeTarget section */
		5E9A4FE5234FF0CA00E07BAF /* ApplicasteriOS */ = {
			isa = PBXNativeTarget;
			buildConfigurationList = 5E9A5003234FF0CC00E07BAF /* Build configuration list for PBXNativeTarget "ApplicasteriOS" */;
			buildPhases = (
				5E9A4FE2234FF0CA00E07BAF /* Sources */,
				5E9A4FE3234FF0CA00E07BAF /* Frameworks */,
				5E9A4FE4234FF0CA00E07BAF /* Resources */,
			);
			buildRules = (
			);
			dependencies = (
			);
			name = ApplicasteriOS;
			productName = ApplicasteriOS;
			productReference = 5E9A4FE6234FF0CA00E07BAF /* ApplicasteriOS.app */;
			productType = "com.apple.product-type.application";
		};
		5E9A4FF9234FF0CC00E07BAF /* ApplicasteriOSTests */ = {
			isa = PBXNativeTarget;
			buildConfigurationList = 5E9A5006234FF0CC00E07BAF /* Build configuration list for PBXNativeTarget "ApplicasteriOSTests" */;
			buildPhases = (
				5E9A4FF6234FF0CC00E07BAF /* Sources */,
				5E9A4FF7234FF0CC00E07BAF /* Frameworks */,
				5E9A4FF8234FF0CC00E07BAF /* Resources */,
			);
			buildRules = (
			);
			dependencies = (
				5E9A4FFC234FF0CC00E07BAF /* PBXTargetDependency */,
			);
			name = ApplicasteriOSTests;
			productName = ApplicasteriOSTests;
			productReference = 5E9A4FFA234FF0CC00E07BAF /* ApplicasteriOSTests.xctest */;
			productType = "com.apple.product-type.bundle.unit-test";
		};
/* End PBXNativeTarget section */

/* Begin PBXProject section */
		5E9A4FDE234FF0CA00E07BAF /* Project object */ = {
			isa = PBXProject;
			attributes = {
				LastSwiftUpdateCheck = 1030;
				LastUpgradeCheck = 1030;
				ORGANIZATIONNAME = "Giorgi Lomsadze";
				TargetAttributes = {
					5E9A4FE5234FF0CA00E07BAF = {
						CreatedOnToolsVersion = 10.3;
					};
					5E9A4FF9234FF0CC00E07BAF = {
						CreatedOnToolsVersion = 10.3;
						TestTargetID = 5E9A4FE5234FF0CA00E07BAF;
					};
				};
			};
			buildConfigurationList = 5E9A4FE1234FF0CA00E07BAF /* Build configuration list for PBXProject "ApplicasteriOS" */;
			compatibilityVersion = "Xcode 9.3";
			developmentRegion = en;
			hasScannedForEncodings = 0;
			knownRegions = (
				en,
				Base,
			);
			mainGroup = 5E9A4FDD234FF0CA00E07BAF;
			productRefGroup = 5E9A4FE7234FF0CA00E07BAF /* Products */;
			projectDirPath = "";
			projectRoot = "";
			targets = (
				5E9A4FE5234FF0CA00E07BAF /* ApplicasteriOS */,
				5E9A4FF9234FF0CC00E07BAF /* ApplicasteriOSTests */,
			);
		};
/* End PBXProject section */

/* Begin PBXResourcesBuildPhase section */
		5E9A4FE4234FF0CA00E07BAF /* Resources */ = {
			isa = PBXResourcesBuildPhase;
			buildActionMask = 2147483647;
			files = (
				5E9A4FF4234FF0CC00E07BAF /* LaunchScreen.storyboard in Resources */,
				5E9A4FEF234FF0CA00E07BAF /* Main.storyboard in Resources */,
				5EB0A98C2359900C008B1674 /* Assets.xcassets in Resources */,
				5E9A5023235014BC00E07BAF /* Fonts in Resources */,
			);
			runOnlyForDeploymentPostprocessing = 0;
		};
		5E9A4FF8234FF0CC00E07BAF /* Resources */ = {
			isa = PBXResourcesBuildPhase;
			buildActionMask = 2147483647;
			files = (
			);
			runOnlyForDeploymentPostprocessing = 0;
		};
/* End PBXResourcesBuildPhase section */

/* Begin PBXSourcesBuildPhase section */
		5E9A4FE2234FF0CA00E07BAF /* Sources */ = {
			isa = PBXSourcesBuildPhase;
			buildActionMask = 2147483647;
			files = (
				5EE7C12D235963AF00B66FB0 /* MediaItem.swift in Sources */,
				5E9A5016234FF30500E07BAF /* Int-Extensions.swift in Sources */,
				5E9A501A234FFEE500E07BAF /* RootViewModel.swift in Sources */,
				5E9A4FEC234FF0CA00E07BAF /* RootViewController.swift in Sources */,
				5E9A4FEA234FF0CA00E07BAF /* AppDelegate.swift in Sources */,
				5E21FD982350302D005131BC /* WebPageViewControllerExtensions.swift in Sources */,
				5EB0A98823597827008B1674 /* UISearchResultsUpdatingExtension.swift in Sources */,
				5E9A5018234FF74700E07BAF /* Post.swift in Sources */,
				5E9A50212350035F00E07BAF /* LinkTableViewCell.swift in Sources */,
				5EB0A98A23598CDF008B1674 /* String-Extensions.swift in Sources */,
				5E9A5011234FF27000E07BAF /* HTTPLayer.swift in Sources */,
				5E9A5013234FF2BB00E07BAF /* APIClient.swift in Sources */,
				5E9A501D235001A100E07BAF /* PostsTableViewControllerExtension.swift in Sources */,
				5E21FD9523502AB5005131BC /* WebPageViewController.swift in Sources */,
				5EB0A98E23599B21008B1674 /* UIScrollViewDelegateExtension.swift in Sources */,
				5E9A501F2350035500E07BAF /* VideoTableViewCell.swift in Sources */,
			);
			runOnlyForDeploymentPostprocessing = 0;
		};
		5E9A4FF6234FF0CC00E07BAF /* Sources */ = {
			isa = PBXSourcesBuildPhase;
			buildActionMask = 2147483647;
			files = (
				5E9A4FFF234FF0CC00E07BAF /* ApplicasteriOSTests.swift in Sources */,
			);
			runOnlyForDeploymentPostprocessing = 0;
		};
/* End PBXSourcesBuildPhase section */

/* Begin PBXTargetDependency section */
		5E9A4FFC234FF0CC00E07BAF /* PBXTargetDependency */ = {
			isa = PBXTargetDependency;
			target = 5E9A4FE5234FF0CA00E07BAF /* ApplicasteriOS */;
			targetProxy = 5E9A4FFB234FF0CC00E07BAF /* PBXContainerItemProxy */;
		};
/* End PBXTargetDependency section */

/* Begin PBXVariantGroup section */
		5E9A4FED234FF0CA00E07BAF /* Main.storyboard */ = {
			isa = PBXVariantGroup;
			children = (
				5E9A4FEE234FF0CA00E07BAF /* Base */,
			);
			name = Main.storyboard;
			sourceTree = "<group>";
		};
		5E9A4FF2234FF0CC00E07BAF /* LaunchScreen.storyboard */ = {
			isa = PBXVariantGroup;
			children = (
				5E9A4FF3234FF0CC00E07BAF /* Base */,
			);
			name = LaunchScreen.storyboard;
			sourceTree = "<group>";
		};
/* End PBXVariantGroup section */

/* Begin XCBuildConfiguration section */
		5E9A5001234FF0CC00E07BAF /* Debug */ = {
			isa = XCBuildConfiguration;
			buildSettings = {
				ALWAYS_SEARCH_USER_PATHS = NO;
				CLANG_ANALYZER_NONNULL = YES;
				CLANG_ANALYZER_NUMBER_OBJECT_CONVERSION = YES_AGGRESSIVE;
				CLANG_CXX_LANGUAGE_STANDARD = "gnu++14";
				CLANG_CXX_LIBRARY = "libc++";
				CLANG_ENABLE_MODULES = YES;
				CLANG_ENABLE_OBJC_ARC = YES;
				CLANG_ENABLE_OBJC_WEAK = YES;
				CLANG_WARN_BLOCK_CAPTURE_AUTORELEASING = YES;
				CLANG_WARN_BOOL_CONVERSION = YES;
				CLANG_WARN_COMMA = YES;
				CLANG_WARN_CONSTANT_CONVERSION = YES;
				CLANG_WARN_DEPRECATED_OBJC_IMPLEMENTATIONS = YES;
				CLANG_WARN_DIRECT_OBJC_ISA_USAGE = YES_ERROR;
				CLANG_WARN_DOCUMENTATION_COMMENTS = YES;
				CLANG_WARN_EMPTY_BODY = YES;
				CLANG_WARN_ENUM_CONVERSION = YES;
				CLANG_WARN_INFINITE_RECURSION = YES;
				CLANG_WARN_INT_CONVERSION = YES;
				CLANG_WARN_NON_LITERAL_NULL_CONVERSION = YES;
				CLANG_WARN_OBJC_IMPLICIT_RETAIN_SELF = YES;
				CLANG_WARN_OBJC_LITERAL_CONVERSION = YES;
				CLANG_WARN_OBJC_ROOT_CLASS = YES_ERROR;
				CLANG_WARN_RANGE_LOOP_ANALYSIS = YES;
				CLANG_WARN_STRICT_PROTOTYPES = YES;
				CLANG_WARN_SUSPICIOUS_MOVE = YES;
				CLANG_WARN_UNGUARDED_AVAILABILITY = YES_AGGRESSIVE;
				CLANG_WARN_UNREACHABLE_CODE = YES;
				CLANG_WARN__DUPLICATE_METHOD_MATCH = YES;
				CODE_SIGN_IDENTITY = "iPhone Developer";
				COPY_PHASE_STRIP = NO;
				DEBUG_INFORMATION_FORMAT = dwarf;
				ENABLE_STRICT_OBJC_MSGSEND = YES;
				ENABLE_TESTABILITY = YES;
				GCC_C_LANGUAGE_STANDARD = gnu11;
				GCC_DYNAMIC_NO_PIC = NO;
				GCC_NO_COMMON_BLOCKS = YES;
				GCC_OPTIMIZATION_LEVEL = 0;
				GCC_PREPROCESSOR_DEFINITIONS = (
					"DEBUG=1",
					"$(inherited)",
				);
				GCC_WARN_64_TO_32_BIT_CONVERSION = YES;
				GCC_WARN_ABOUT_RETURN_TYPE = YES_ERROR;
				GCC_WARN_UNDECLARED_SELECTOR = YES;
				GCC_WARN_UNINITIALIZED_AUTOS = YES_AGGRESSIVE;
				GCC_WARN_UNUSED_FUNCTION = YES;
				GCC_WARN_UNUSED_VARIABLE = YES;
				IPHONEOS_DEPLOYMENT_TARGET = 12.4;
				MTL_ENABLE_DEBUG_INFO = INCLUDE_SOURCE;
				MTL_FAST_MATH = YES;
				ONLY_ACTIVE_ARCH = YES;
				SDKROOT = iphoneos;
				SWIFT_ACTIVE_COMPILATION_CONDITIONS = DEBUG;
				SWIFT_OPTIMIZATION_LEVEL = "-Onone";
			};
			name = Debug;
		};
		5E9A5002234FF0CC00E07BAF /* Release */ = {
			isa = XCBuildConfiguration;
			buildSettings = {
				ALWAYS_SEARCH_USER_PATHS = NO;
				CLANG_ANALYZER_NONNULL = YES;
				CLANG_ANALYZER_NUMBER_OBJECT_CONVERSION = YES_AGGRESSIVE;
				CLANG_CXX_LANGUAGE_STANDARD = "gnu++14";
				CLANG_CXX_LIBRARY = "libc++";
				CLANG_ENABLE_MODULES = YES;
				CLANG_ENABLE_OBJC_ARC = YES;
				CLANG_ENABLE_OBJC_WEAK = YES;
				CLANG_WARN_BLOCK_CAPTURE_AUTORELEASING = YES;
				CLANG_WARN_BOOL_CONVERSION = YES;
				CLANG_WARN_COMMA = YES;
				CLANG_WARN_CONSTANT_CONVERSION = YES;
				CLANG_WARN_DEPRECATED_OBJC_IMPLEMENTATIONS = YES;
				CLANG_WARN_DIRECT_OBJC_ISA_USAGE = YES_ERROR;
				CLANG_WARN_DOCUMENTATION_COMMENTS = YES;
				CLANG_WARN_EMPTY_BODY = YES;
				CLANG_WARN_ENUM_CONVERSION = YES;
				CLANG_WARN_INFINITE_RECURSION = YES;
				CLANG_WARN_INT_CONVERSION = YES;
				CLANG_WARN_NON_LITERAL_NULL_CONVERSION = YES;
				CLANG_WARN_OBJC_IMPLICIT_RETAIN_SELF = YES;
				CLANG_WARN_OBJC_LITERAL_CONVERSION = YES;
				CLANG_WARN_OBJC_ROOT_CLASS = YES_ERROR;
				CLANG_WARN_RANGE_LOOP_ANALYSIS = YES;
				CLANG_WARN_STRICT_PROTOTYPES = YES;
				CLANG_WARN_SUSPICIOUS_MOVE = YES;
				CLANG_WARN_UNGUARDED_AVAILABILITY = YES_AGGRESSIVE;
				CLANG_WARN_UNREACHABLE_CODE = YES;
				CLANG_WARN__DUPLICATE_METHOD_MATCH = YES;
				CODE_SIGN_IDENTITY = "iPhone Developer";
				COPY_PHASE_STRIP = NO;
				DEBUG_INFORMATION_FORMAT = "dwarf-with-dsym";
				ENABLE_NS_ASSERTIONS = NO;
				ENABLE_STRICT_OBJC_MSGSEND = YES;
				GCC_C_LANGUAGE_STANDARD = gnu11;
				GCC_NO_COMMON_BLOCKS = YES;
				GCC_WARN_64_TO_32_BIT_CONVERSION = YES;
				GCC_WARN_ABOUT_RETURN_TYPE = YES_ERROR;
				GCC_WARN_UNDECLARED_SELECTOR = YES;
				GCC_WARN_UNINITIALIZED_AUTOS = YES_AGGRESSIVE;
				GCC_WARN_UNUSED_FUNCTION = YES;
				GCC_WARN_UNUSED_VARIABLE = YES;
				IPHONEOS_DEPLOYMENT_TARGET = 12.4;
				MTL_ENABLE_DEBUG_INFO = NO;
				MTL_FAST_MATH = YES;
				SDKROOT = iphoneos;
				SWIFT_COMPILATION_MODE = wholemodule;
				SWIFT_OPTIMIZATION_LEVEL = "-O";
				VALIDATE_PRODUCT = YES;
			};
			name = Release;
		};
		5E9A5004234FF0CC00E07BAF /* Debug */ = {
			isa = XCBuildConfiguration;
			buildSettings = {
				ASSETCATALOG_COMPILER_APPICON_NAME = AppIcon;
				CODE_SIGN_STYLE = Automatic;
				DEVELOPMENT_TEAM = 7F8AA547EL;
				INFOPLIST_FILE = "$(SRCROOT)/ApplicasteriOS/SupportingFiles/Info.plist";
				IPHONEOS_DEPLOYMENT_TARGET = 12;
				LD_RUNPATH_SEARCH_PATHS = (
					"$(inherited)",
					"@executable_path/Frameworks",
				);
				PRODUCT_BUNDLE_IDENTIFIER = gio.lomsa.ApplicasteriOS;
				PRODUCT_NAME = "$(TARGET_NAME)";
				SWIFT_VERSION = 5.0;
				TARGETED_DEVICE_FAMILY = "1,2";
			};
			name = Debug;
		};
		5E9A5005234FF0CC00E07BAF /* Release */ = {
			isa = XCBuildConfiguration;
			buildSettings = {
				ASSETCATALOG_COMPILER_APPICON_NAME = AppIcon;
				CODE_SIGN_STYLE = Automatic;
				DEVELOPMENT_TEAM = 7F8AA547EL;
				INFOPLIST_FILE = "$(SRCROOT)/ApplicasteriOS/SupportingFiles/Info.plist";
				IPHONEOS_DEPLOYMENT_TARGET = 12;
				LD_RUNPATH_SEARCH_PATHS = (
					"$(inherited)",
					"@executable_path/Frameworks",
				);
				PRODUCT_BUNDLE_IDENTIFIER = gio.lomsa.ApplicasteriOS;
				PRODUCT_NAME = "$(TARGET_NAME)";
				SWIFT_VERSION = 5.0;
				TARGETED_DEVICE_FAMILY = "1,2";
			};
			name = Release;
		};
		5E9A5007234FF0CC00E07BAF /* Debug */ = {
			isa = XCBuildConfiguration;
			buildSettings = {
				ALWAYS_EMBED_SWIFT_STANDARD_LIBRARIES = YES;
				BUNDLE_LOADER = "$(TEST_HOST)";
				CODE_SIGN_STYLE = Automatic;
				DEVELOPMENT_TEAM = 7F8AA547EL;
				INFOPLIST_FILE = ApplicasteriOSTests/Info.plist;
				LD_RUNPATH_SEARCH_PATHS = (
					"$(inherited)",
					"@executable_path/Frameworks",
					"@loader_path/Frameworks",
				);
				PRODUCT_BUNDLE_IDENTIFIER = gio.lomsa.ApplicasteriOSTests;
				PRODUCT_NAME = "$(TARGET_NAME)";
				SWIFT_VERSION = 5.0;
				TARGETED_DEVICE_FAMILY = "1,2";
				TEST_HOST = "$(BUILT_PRODUCTS_DIR)/ApplicasteriOS.app/ApplicasteriOS";
			};
			name = Debug;
		};
		5E9A5008234FF0CC00E07BAF /* Release */ = {
			isa = XCBuildConfiguration;
			buildSettings = {
				ALWAYS_EMBED_SWIFT_STANDARD_LIBRARIES = YES;
				BUNDLE_LOADER = "$(TEST_HOST)";
				CODE_SIGN_STYLE = Automatic;
				DEVELOPMENT_TEAM = 7F8AA547EL;
				INFOPLIST_FILE = ApplicasteriOSTests/Info.plist;
				LD_RUNPATH_SEARCH_PATHS = (
					"$(inherited)",
					"@executable_path/Frameworks",
					"@loader_path/Frameworks",
				);
				PRODUCT_BUNDLE_IDENTIFIER = gio.lomsa.ApplicasteriOSTests;
				PRODUCT_NAME = "$(TARGET_NAME)";
				SWIFT_VERSION = 5.0;
				TARGETED_DEVICE_FAMILY = "1,2";
				TEST_HOST = "$(BUILT_PRODUCTS_DIR)/ApplicasteriOS.app/ApplicasteriOS";
			};
			name = Release;
		};
/* End XCBuildConfiguration section */

/* Begin XCConfigurationList section */
		5E9A4FE1234FF0CA00E07BAF /* Build configuration list for PBXProject "ApplicasteriOS" */ = {
			isa = XCConfigurationList;
			buildConfigurations = (
				5E9A5001234FF0CC00E07BAF /* Debug */,
				5E9A5002234FF0CC00E07BAF /* Release */,
			);
			defaultConfigurationIsVisible = 0;
			defaultConfigurationName = Release;
		};
		5E9A5003234FF0CC00E07BAF /* Build configuration list for PBXNativeTarget "ApplicasteriOS" */ = {
			isa = XCConfigurationList;
			buildConfigurations = (
				5E9A5004234FF0CC00E07BAF /* Debug */,
				5E9A5005234FF0CC00E07BAF /* Release */,
			);
			defaultConfigurationIsVisible = 0;
			defaultConfigurationName = Release;
		};
		5E9A5006234FF0CC00E07BAF /* Build configuration list for PBXNativeTarget "ApplicasteriOSTests" */ = {
			isa = XCConfigurationList;
			buildConfigurations = (
				5E9A5007234FF0CC00E07BAF /* Debug */,
				5E9A5008234FF0CC00E07BAF /* Release */,
			);
			defaultConfigurationIsVisible = 0;
			defaultConfigurationName = Release;
		};
/* End XCConfigurationList section */
	};
	rootObject = 5E9A4FDE234FF0CA00E07BAF /* Project object */;
}
